// !$*UTF8*$!
{
	archiveVersion = 1;
	classes = {
	};
	objectVersion = 50;
	objects = {

/* Begin PBXBuildFile section */
		757A143B24623F9A0032F966 /* AppDelegate.swift in Sources */ = {isa = PBXBuildFile; fileRef = 757A143A24623F9A0032F966 /* AppDelegate.swift */; };
		757A143D24623F9A0032F966 /* SceneDelegate.swift in Sources */ = {isa = PBXBuildFile; fileRef = 757A143C24623F9A0032F966 /* SceneDelegate.swift */; };
		757A143F24623F9A0032F966 /* LoginViewController.swift in Sources */ = {isa = PBXBuildFile; fileRef = 757A143E24623F9A0032F966 /* LoginViewController.swift */; };
		757A144224623F9A0032F966 /* Main.storyboard in Resources */ = {isa = PBXBuildFile; fileRef = 757A144024623F9A0032F966 /* Main.storyboard */; };
		757A144524623F9A0032F966 /* Scheduler.xcdatamodeld in Sources */ = {isa = PBXBuildFile; fileRef = 757A144324623F9A0032F966 /* Scheduler.xcdatamodeld */; };
		757A144724623F9B0032F966 /* Assets.xcassets in Resources */ = {isa = PBXBuildFile; fileRef = 757A144624623F9B0032F966 /* Assets.xcassets */; };
		757A144A24623F9B0032F966 /* LaunchScreen.storyboard in Resources */ = {isa = PBXBuildFile; fileRef = 757A144824623F9B0032F966 /* LaunchScreen.storyboard */; };
		757A1455246310980032F966 /* SignInViewController.swift in Sources */ = {isa = PBXBuildFile; fileRef = 757A1454246310980032F966 /* SignInViewController.swift */; };
		757A1457246310CA0032F966 /* SearchViewController.swift in Sources */ = {isa = PBXBuildFile; fileRef = 757A1456246310CA0032F966 /* SearchViewController.swift */; };
		757A1459246310D90032F966 /* SavedSchedulesViewController.swift in Sources */ = {isa = PBXBuildFile; fileRef = 757A1458246310D90032F966 /* SavedSchedulesViewController.swift */; };
		757A145B2463117B0032F966 /* ResultSearchViewController.swift in Sources */ = {isa = PBXBuildFile; fileRef = 757A145A2463117B0032F966 /* ResultSearchViewController.swift */; };
		757A145D24631E270032F966 /* MainTabBarViewController.swift in Sources */ = {isa = PBXBuildFile; fileRef = 757A145C24631E270032F966 /* MainTabBarViewController.swift */; };
		75945C86246471D3006E956D /* TermDataSource.swift in Sources */ = {isa = PBXBuildFile; fileRef = 75945C85246471D3006E956D /* TermDataSource.swift */; };
		75945C8824647589006E956D /* TermRequest.swift in Sources */ = {isa = PBXBuildFile; fileRef = 75945C8724647589006E956D /* TermRequest.swift */; };
		75945C8A246480E3006E956D /* SubjectDataSource.swift in Sources */ = {isa = PBXBuildFile; fileRef = 75945C89246480E3006E956D /* SubjectDataSource.swift */; };
		75945C8C24648D6C006E956D /* SubjectResponse.swift in Sources */ = {isa = PBXBuildFile; fileRef = 75945C8B24648D6C006E956D /* SubjectResponse.swift */; };
		75945C8E2464BFB4006E956D /* MainViewController.swift in Sources */ = {isa = PBXBuildFile; fileRef = 75945C8D2464BFB4006E956D /* MainViewController.swift */; };
		75945C902464C4F6006E956D /* CheckTokenRequest.swift in Sources */ = {isa = PBXBuildFile; fileRef = 75945C8F2464C4F6006E956D /* CheckTokenRequest.swift */; };
		75945C922464C626006E956D /* CheckTokenResponse.swift in Sources */ = {isa = PBXBuildFile; fileRef = 75945C912464C626006E956D /* CheckTokenResponse.swift */; };
		75945C942465CC34006E956D /* ListResponse.swift in Sources */ = {isa = PBXBuildFile; fileRef = 75945C932465CC34006E956D /* ListResponse.swift */; };
		75945C972465D0AF006E956D /* ListTableViewCell.swift in Sources */ = {isa = PBXBuildFile; fileRef = 75945C962465D0AF006E956D /* ListTableViewCell.swift */; };
		75AAA5DC24636F31007FEED4 /* SchedulerClient.swift in Sources */ = {isa = PBXBuildFile; fileRef = 75AAA5DB24636F31007FEED4 /* SchedulerClient.swift */; };
		75AAA5E024637836007FEED4 /* ErrorResponse.swift in Sources */ = {isa = PBXBuildFile; fileRef = 75AAA5DF24637836007FEED4 /* ErrorResponse.swift */; };
		75AAA5E22463793E007FEED4 /* LoginRequest.swift in Sources */ = {isa = PBXBuildFile; fileRef = 75AAA5E12463793E007FEED4 /* LoginRequest.swift */; };
		75AAA5E42463797F007FEED4 /* LoginResponse.swift in Sources */ = {isa = PBXBuildFile; fileRef = 75AAA5E32463797F007FEED4 /* LoginResponse.swift */; };
		75AAA5E624637B47007FEED4 /* File.swift in Sources */ = {isa = PBXBuildFile; fileRef = 75AAA5E524637B47007FEED4 /* File.swift */; };
		75AAA5E824637B8E007FEED4 /* SignInResponse.swift in Sources */ = {isa = PBXBuildFile; fileRef = 75AAA5E724637B8E007FEED4 /* SignInResponse.swift */; };
/* End PBXBuildFile section */

/* Begin PBXFileReference section */
		757A143724623F9A0032F966 /* Scheduler.app */ = {isa = PBXFileReference; explicitFileType = wrapper.application; includeInIndex = 0; path = Scheduler.app; sourceTree = BUILT_PRODUCTS_DIR; };
		757A143A24623F9A0032F966 /* AppDelegate.swift */ = {isa = PBXFileReference; lastKnownFileType = sourcecode.swift; path = AppDelegate.swift; sourceTree = "<group>"; };
		757A143C24623F9A0032F966 /* SceneDelegate.swift */ = {isa = PBXFileReference; lastKnownFileType = sourcecode.swift; path = SceneDelegate.swift; sourceTree = "<group>"; };
		757A143E24623F9A0032F966 /* LoginViewController.swift */ = {isa = PBXFileReference; lastKnownFileType = sourcecode.swift; path = LoginViewController.swift; sourceTree = "<group>"; };
		757A144124623F9A0032F966 /* Base */ = {isa = PBXFileReference; lastKnownFileType = file.storyboard; name = Base; path = Base.lproj/Main.storyboard; sourceTree = "<group>"; };
		757A144424623F9A0032F966 /* Scheduler.xcdatamodel */ = {isa = PBXFileReference; lastKnownFileType = wrapper.xcdatamodel; path = Scheduler.xcdatamodel; sourceTree = "<group>"; };
		757A144624623F9B0032F966 /* Assets.xcassets */ = {isa = PBXFileReference; lastKnownFileType = folder.assetcatalog; path = Assets.xcassets; sourceTree = "<group>"; };
		757A144924623F9B0032F966 /* Base */ = {isa = PBXFileReference; lastKnownFileType = file.storyboard; name = Base; path = Base.lproj/LaunchScreen.storyboard; sourceTree = "<group>"; };
		757A144B24623F9B0032F966 /* Info.plist */ = {isa = PBXFileReference; lastKnownFileType = text.plist.xml; path = Info.plist; sourceTree = "<group>"; };
		757A1454246310980032F966 /* SignInViewController.swift */ = {isa = PBXFileReference; lastKnownFileType = sourcecode.swift; path = SignInViewController.swift; sourceTree = "<group>"; };
		757A1456246310CA0032F966 /* SearchViewController.swift */ = {isa = PBXFileReference; lastKnownFileType = sourcecode.swift; path = SearchViewController.swift; sourceTree = "<group>"; };
		757A1458246310D90032F966 /* SavedSchedulesViewController.swift */ = {isa = PBXFileReference; lastKnownFileType = sourcecode.swift; path = SavedSchedulesViewController.swift; sourceTree = "<group>"; };
		757A145A2463117B0032F966 /* ResultSearchViewController.swift */ = {isa = PBXFileReference; lastKnownFileType = sourcecode.swift; path = ResultSearchViewController.swift; sourceTree = "<group>"; };
		757A145C24631E270032F966 /* MainTabBarViewController.swift */ = {isa = PBXFileReference; lastKnownFileType = sourcecode.swift; path = MainTabBarViewController.swift; sourceTree = "<group>"; };
		75945C85246471D3006E956D /* TermDataSource.swift */ = {isa = PBXFileReference; lastKnownFileType = sourcecode.swift; path = TermDataSource.swift; sourceTree = "<group>"; };
		75945C8724647589006E956D /* TermRequest.swift */ = {isa = PBXFileReference; lastKnownFileType = sourcecode.swift; path = TermRequest.swift; sourceTree = "<group>"; };
		75945C89246480E3006E956D /* SubjectDataSource.swift */ = {isa = PBXFileReference; lastKnownFileType = sourcecode.swift; path = SubjectDataSource.swift; sourceTree = "<group>"; };
		75945C8B24648D6C006E956D /* SubjectResponse.swift */ = {isa = PBXFileReference; lastKnownFileType = sourcecode.swift; path = SubjectResponse.swift; sourceTree = "<group>"; };
		75945C8D2464BFB4006E956D /* MainViewController.swift */ = {isa = PBXFileReference; lastKnownFileType = sourcecode.swift; path = MainViewController.swift; sourceTree = "<group>"; };
		75945C8F2464C4F6006E956D /* CheckTokenRequest.swift */ = {isa = PBXFileReference; lastKnownFileType = sourcecode.swift; path = CheckTokenRequest.swift; sourceTree = "<group>"; };
		75945C912464C626006E956D /* CheckTokenResponse.swift */ = {isa = PBXFileReference; lastKnownFileType = sourcecode.swift; path = CheckTokenResponse.swift; sourceTree = "<group>"; };
		75945C932465CC34006E956D /* ListResponse.swift */ = {isa = PBXFileReference; lastKnownFileType = sourcecode.swift; path = ListResponse.swift; sourceTree = "<group>"; };
		75945C962465D0AF006E956D /* ListTableViewCell.swift */ = {isa = PBXFileReference; lastKnownFileType = sourcecode.swift; path = ListTableViewCell.swift; sourceTree = "<group>"; };
		75AAA5DB24636F31007FEED4 /* SchedulerClient.swift */ = {isa = PBXFileReference; lastKnownFileType = sourcecode.swift; path = SchedulerClient.swift; sourceTree = "<group>"; };
		75AAA5DF24637836007FEED4 /* ErrorResponse.swift */ = {isa = PBXFileReference; lastKnownFileType = sourcecode.swift; path = ErrorResponse.swift; sourceTree = "<group>"; };
		75AAA5E12463793E007FEED4 /* LoginRequest.swift */ = {isa = PBXFileReference; lastKnownFileType = sourcecode.swift; path = LoginRequest.swift; sourceTree = "<group>"; };
		75AAA5E32463797F007FEED4 /* LoginResponse.swift */ = {isa = PBXFileReference; lastKnownFileType = sourcecode.swift; path = LoginResponse.swift; sourceTree = "<group>"; };
		75AAA5E524637B47007FEED4 /* File.swift */ = {isa = PBXFileReference; lastKnownFileType = sourcecode.swift; path = File.swift; sourceTree = "<group>"; };
		75AAA5E724637B8E007FEED4 /* SignInResponse.swift */ = {isa = PBXFileReference; lastKnownFileType = sourcecode.swift; path = SignInResponse.swift; sourceTree = "<group>"; };
/* End PBXFileReference section */

/* Begin PBXFrameworksBuildPhase section */
		757A143424623F9A0032F966 /* Frameworks */ = {
			isa = PBXFrameworksBuildPhase;
			buildActionMask = 2147483647;
			files = (
			);
			runOnlyForDeploymentPostprocessing = 0;
		};
/* End PBXFrameworksBuildPhase section */

/* Begin PBXGroup section */
		757A142E24623F990032F966 = {
			isa = PBXGroup;
			children = (
				757A143924623F9A0032F966 /* Scheduler */,
				757A143824623F9A0032F966 /* Products */,
			);
			sourceTree = "<group>";
		};
		757A143824623F9A0032F966 /* Products */ = {
			isa = PBXGroup;
			children = (
				757A143724623F9A0032F966 /* Scheduler.app */,
			);
			name = Products;
			sourceTree = "<group>";
		};
		757A143924623F9A0032F966 /* Scheduler */ = {
			isa = PBXGroup;
			children = (
				757A143A24623F9A0032F966 /* AppDelegate.swift */,
				757A1453246240120032F966 /* Model */,
				757A145224623FE60032F966 /* Controller */,
				757A145124623FA70032F966 /* View */,
				757A144624623F9B0032F966 /* Assets.xcassets */,
				757A144B24623F9B0032F966 /* Info.plist */,
			);
			path = Scheduler;
			sourceTree = "<group>";
		};
		757A145124623FA70032F966 /* View */ = {
			isa = PBXGroup;
			children = (
				75945C952465D089006E956D /* Cell */,
				757A144824623F9B0032F966 /* LaunchScreen.storyboard */,
				757A144024623F9A0032F966 /* Main.storyboard */,
				757A143C24623F9A0032F966 /* SceneDelegate.swift */,
			);
			path = View;
			sourceTree = "<group>";
		};
		757A145224623FE60032F966 /* Controller */ = {
			isa = PBXGroup;
			children = (
				757A143E24623F9A0032F966 /* LoginViewController.swift */,
				757A1454246310980032F966 /* SignInViewController.swift */,
				757A1456246310CA0032F966 /* SearchViewController.swift */,
				757A1458246310D90032F966 /* SavedSchedulesViewController.swift */,
				757A145A2463117B0032F966 /* ResultSearchViewController.swift */,
				757A145C24631E270032F966 /* MainTabBarViewController.swift */,
				75945C85246471D3006E956D /* TermDataSource.swift */,
				75945C89246480E3006E956D /* SubjectDataSource.swift */,
				75945C8D2464BFB4006E956D /* MainViewController.swift */,
			);
			path = Controller;
			sourceTree = "<group>";
		};
		757A1453246240120032F966 /* Model */ = {
			isa = PBXGroup;
			children = (
				75AAA5DE2463747E007FEED4 /* Requests */,
				75AAA5D924636E5D007FEED4 /* Responses */,
				75AAA5D824636E55007FEED4 /* Data */,
				757A144324623F9A0032F966 /* Scheduler.xcdatamodeld */,
			);
			path = Model;
			sourceTree = "<group>";
		};
		75945C952465D089006E956D /* Cell */ = {
			isa = PBXGroup;
			children = (
				75945C962465D0AF006E956D /* ListTableViewCell.swift */,
			);
			path = Cell;
			sourceTree = "<group>";
		};
		75AAA5D824636E55007FEED4 /* Data */ = {
			isa = PBXGroup;
			children = (
				75AAA5DB24636F31007FEED4 /* SchedulerClient.swift */,
			);
			path = Data;
			sourceTree = "<group>";
		};
		75AAA5D924636E5D007FEED4 /* Responses */ = {
			isa = PBXGroup;
			children = (
				75AAA5DF24637836007FEED4 /* ErrorResponse.swift */,
				75AAA5E32463797F007FEED4 /* LoginResponse.swift */,
				75AAA5E724637B8E007FEED4 /* SignInResponse.swift */,
				75945C912464C626006E956D /* CheckTokenResponse.swift */,
				75945C932465CC34006E956D /* ListResponse.swift */,
			);
			path = Responses;
			sourceTree = "<group>";
		};
		75AAA5DE2463747E007FEED4 /* Requests */ = {
			isa = PBXGroup;
			children = (
				75AAA5E12463793E007FEED4 /* LoginRequest.swift */,
				75AAA5E524637B47007FEED4 /* File.swift */,
				75945C8724647589006E956D /* TermRequest.swift */,
				75945C8B24648D6C006E956D /* SubjectResponse.swift */,
				75945C8F2464C4F6006E956D /* CheckTokenRequest.swift */,
			);
			path = Requests;
			sourceTree = "<group>";
		};
/* End PBXGroup section */

/* Begin PBXNativeTarget section */
		757A143624623F9A0032F966 /* Scheduler */ = {
			isa = PBXNativeTarget;
			buildConfigurationList = 757A144E24623F9B0032F966 /* Build configuration list for PBXNativeTarget "Scheduler" */;
			buildPhases = (
				757A143324623F9A0032F966 /* Sources */,
				757A143424623F9A0032F966 /* Frameworks */,
				757A143524623F9A0032F966 /* Resources */,
			);
			buildRules = (
			);
			dependencies = (
			);
			name = Scheduler;
			productName = Scheduler;
			productReference = 757A143724623F9A0032F966 /* Scheduler.app */;
			productType = "com.apple.product-type.application";
		};
/* End PBXNativeTarget section */

/* Begin PBXProject section */
		757A142F24623F990032F966 /* Project object */ = {
			isa = PBXProject;
			attributes = {
				LastSwiftUpdateCheck = 1140;
				LastUpgradeCheck = 1140;
				ORGANIZATIONNAME = "Gustavo Brunetto";
				TargetAttributes = {
					757A143624623F9A0032F966 = {
						CreatedOnToolsVersion = 11.4.1;
					};
				};
			};
			buildConfigurationList = 757A143224623F990032F966 /* Build configuration list for PBXProject "Scheduler" */;
			compatibilityVersion = "Xcode 9.3";
			developmentRegion = en;
			hasScannedForEncodings = 0;
			knownRegions = (
				en,
				Base,
			);
			mainGroup = 757A142E24623F990032F966;
			productRefGroup = 757A143824623F9A0032F966 /* Products */;
			projectDirPath = "";
			projectRoot = "";
			targets = (
				757A143624623F9A0032F966 /* Scheduler */,
			);
		};
/* End PBXProject section */

/* Begin PBXResourcesBuildPhase section */
		757A143524623F9A0032F966 /* Resources */ = {
			isa = PBXResourcesBuildPhase;
			buildActionMask = 2147483647;
			files = (
				757A144A24623F9B0032F966 /* LaunchScreen.storyboard in Resources */,
				757A144724623F9B0032F966 /* Assets.xcassets in Resources */,
				757A144224623F9A0032F966 /* Main.storyboard in Resources */,
			);
			runOnlyForDeploymentPostprocessing = 0;
		};
/* End PBXResourcesBuildPhase section */

/* Begin PBXSourcesBuildPhase section */
		757A143324623F9A0032F966 /* Sources */ = {
			isa = PBXSourcesBuildPhase;
			buildActionMask = 2147483647;
			files = (
				757A1457246310CA0032F966 /* SearchViewController.swift in Sources */,
				757A1459246310D90032F966 /* SavedSchedulesViewController.swift in Sources */,
				75945C86246471D3006E956D /* TermDataSource.swift in Sources */,
				75945C8A246480E3006E956D /* SubjectDataSource.swift in Sources */,
				757A143F24623F9A0032F966 /* LoginViewController.swift in Sources */,
				75945C902464C4F6006E956D /* CheckTokenRequest.swift in Sources */,
				75AAA5E824637B8E007FEED4 /* SignInResponse.swift in Sources */,
				75AAA5E22463793E007FEED4 /* LoginRequest.swift in Sources */,
				75945C942465CC34006E956D /* ListResponse.swift in Sources */,
				757A145D24631E270032F966 /* MainTabBarViewController.swift in Sources */,
				75945C922464C626006E956D /* CheckTokenResponse.swift in Sources */,
				75945C8C24648D6C006E956D /* SubjectResponse.swift in Sources */,
				75AAA5DC24636F31007FEED4 /* SchedulerClient.swift in Sources */,
				75AAA5E42463797F007FEED4 /* LoginResponse.swift in Sources */,
				757A144524623F9A0032F966 /* Scheduler.xcdatamodeld in Sources */,
				757A143B24623F9A0032F966 /* AppDelegate.swift in Sources */,
				75945C8824647589006E956D /* TermRequest.swift in Sources */,
				75945C972465D0AF006E956D /* ListTableViewCell.swift in Sources */,
				75AAA5E624637B47007FEED4 /* File.swift in Sources */,
				757A1455246310980032F966 /* SignInViewController.swift in Sources */,
				75AAA5E024637836007FEED4 /* ErrorResponse.swift in Sources */,
				757A145B2463117B0032F966 /* ResultSearchViewController.swift in Sources */,
				757A143D24623F9A0032F966 /* SceneDelegate.swift in Sources */,
				75945C8E2464BFB4006E956D /* MainViewController.swift in Sources */,
			);
			runOnlyForDeploymentPostprocessing = 0;
		};
/* End PBXSourcesBuildPhase section */

/* Begin PBXVariantGroup section */
		757A144024623F9A0032F966 /* Main.storyboard */ = {
			isa = PBXVariantGroup;
			children = (
				757A144124623F9A0032F966 /* Base */,
			);
			name = Main.storyboard;
			sourceTree = "<group>";
		};
		757A144824623F9B0032F966 /* LaunchScreen.storyboard */ = {
			isa = PBXVariantGroup;
			children = (
				757A144924623F9B0032F966 /* Base */,
			);
			name = LaunchScreen.storyboard;
			sourceTree = "<group>";
		};
/* End PBXVariantGroup section */

/* Begin XCBuildConfiguration section */
		757A144C24623F9B0032F966 /* Debug */ = {
			isa = XCBuildConfiguration;
			buildSettings = {
				ALWAYS_SEARCH_USER_PATHS = NO;
				CLANG_ANALYZER_NONNULL = YES;
				CLANG_ANALYZER_NUMBER_OBJECT_CONVERSION = YES_AGGRESSIVE;
				CLANG_CXX_LANGUAGE_STANDARD = "gnu++14";
				CLANG_CXX_LIBRARY = "libc++";
				CLANG_ENABLE_MODULES = YES;
				CLANG_ENABLE_OBJC_ARC = YES;
				CLANG_ENABLE_OBJC_WEAK = YES;
				CLANG_WARN_BLOCK_CAPTURE_AUTORELEASING = YES;
				CLANG_WARN_BOOL_CONVERSION = YES;
				CLANG_WARN_COMMA = YES;
				CLANG_WARN_CONSTANT_CONVERSION = YES;
				CLANG_WARN_DEPRECATED_OBJC_IMPLEMENTATIONS = YES;
				CLANG_WARN_DIRECT_OBJC_ISA_USAGE = YES_ERROR;
				CLANG_WARN_DOCUMENTATION_COMMENTS = YES;
				CLANG_WARN_EMPTY_BODY = YES;
				CLANG_WARN_ENUM_CONVERSION = YES;
				CLANG_WARN_INFINITE_RECURSION = YES;
				CLANG_WARN_INT_CONVERSION = YES;
				CLANG_WARN_NON_LITERAL_NULL_CONVERSION = YES;
				CLANG_WARN_OBJC_IMPLICIT_RETAIN_SELF = YES;
				CLANG_WARN_OBJC_LITERAL_CONVERSION = YES;
				CLANG_WARN_OBJC_ROOT_CLASS = YES_ERROR;
				CLANG_WARN_RANGE_LOOP_ANALYSIS = YES;
				CLANG_WARN_STRICT_PROTOTYPES = YES;
				CLANG_WARN_SUSPICIOUS_MOVE = YES;
				CLANG_WARN_UNGUARDED_AVAILABILITY = YES_AGGRESSIVE;
				CLANG_WARN_UNREACHABLE_CODE = YES;
				CLANG_WARN__DUPLICATE_METHOD_MATCH = YES;
				COPY_PHASE_STRIP = NO;
				DEBUG_INFORMATION_FORMAT = dwarf;
				ENABLE_STRICT_OBJC_MSGSEND = YES;
				ENABLE_TESTABILITY = YES;
				GCC_C_LANGUAGE_STANDARD = gnu11;
				GCC_DYNAMIC_NO_PIC = NO;
				GCC_NO_COMMON_BLOCKS = YES;
				GCC_OPTIMIZATION_LEVEL = 0;
				GCC_PREPROCESSOR_DEFINITIONS = (
					"DEBUG=1",
					"$(inherited)",
				);
				GCC_WARN_64_TO_32_BIT_CONVERSION = YES;
				GCC_WARN_ABOUT_RETURN_TYPE = YES_ERROR;
				GCC_WARN_UNDECLARED_SELECTOR = YES;
				GCC_WARN_UNINITIALIZED_AUTOS = YES_AGGRESSIVE;
				GCC_WARN_UNUSED_FUNCTION = YES;
				GCC_WARN_UNUSED_VARIABLE = YES;
				IPHONEOS_DEPLOYMENT_TARGET = 13.4;
				MTL_ENABLE_DEBUG_INFO = INCLUDE_SOURCE;
				MTL_FAST_MATH = YES;
				ONLY_ACTIVE_ARCH = YES;
				SDKROOT = iphoneos;
				SWIFT_ACTIVE_COMPILATION_CONDITIONS = DEBUG;
				SWIFT_OPTIMIZATION_LEVEL = "-Onone";
			};
			name = Debug;
		};
		757A144D24623F9B0032F966 /* Release */ = {
			isa = XCBuildConfiguration;
			buildSettings = {
				ALWAYS_SEARCH_USER_PATHS = NO;
				CLANG_ANALYZER_NONNULL = YES;
				CLANG_ANALYZER_NUMBER_OBJECT_CONVERSION = YES_AGGRESSIVE;
				CLANG_CXX_LANGUAGE_STANDARD = "gnu++14";
				CLANG_CXX_LIBRARY = "libc++";
				CLANG_ENABLE_MODULES = YES;
				CLANG_ENABLE_OBJC_ARC = YES;
				CLANG_ENABLE_OBJC_WEAK = YES;
				CLANG_WARN_BLOCK_CAPTURE_AUTORELEASING = YES;
				CLANG_WARN_BOOL_CONVERSION = YES;
				CLANG_WARN_COMMA = YES;
				CLANG_WARN_CONSTANT_CONVERSION = YES;
				CLANG_WARN_DEPRECATED_OBJC_IMPLEMENTATIONS = YES;
				CLANG_WARN_DIRECT_OBJC_ISA_USAGE = YES_ERROR;
				CLANG_WARN_DOCUMENTATION_COMMENTS = YES;
				CLANG_WARN_EMPTY_BODY = YES;
				CLANG_WARN_ENUM_CONVERSION = YES;
				CLANG_WARN_INFINITE_RECURSION = YES;
				CLANG_WARN_INT_CONVERSION = YES;
				CLANG_WARN_NON_LITERAL_NULL_CONVERSION = YES;
				CLANG_WARN_OBJC_IMPLICIT_RETAIN_SELF = YES;
				CLANG_WARN_OBJC_LITERAL_CONVERSION = YES;
				CLANG_WARN_OBJC_ROOT_CLASS = YES_ERROR;
				CLANG_WARN_RANGE_LOOP_ANALYSIS = YES;
				CLANG_WARN_STRICT_PROTOTYPES = YES;
				CLANG_WARN_SUSPICIOUS_MOVE = YES;
				CLANG_WARN_UNGUARDED_AVAILABILITY = YES_AGGRESSIVE;
				CLANG_WARN_UNREACHABLE_CODE = YES;
				CLANG_WARN__DUPLICATE_METHOD_MATCH = YES;
				COPY_PHASE_STRIP = NO;
				DEBUG_INFORMATION_FORMAT = "dwarf-with-dsym";
				ENABLE_NS_ASSERTIONS = NO;
				ENABLE_STRICT_OBJC_MSGSEND = YES;
				GCC_C_LANGUAGE_STANDARD = gnu11;
				GCC_NO_COMMON_BLOCKS = YES;
				GCC_WARN_64_TO_32_BIT_CONVERSION = YES;
				GCC_WARN_ABOUT_RETURN_TYPE = YES_ERROR;
				GCC_WARN_UNDECLARED_SELECTOR = YES;
				GCC_WARN_UNINITIALIZED_AUTOS = YES_AGGRESSIVE;
				GCC_WARN_UNUSED_FUNCTION = YES;
				GCC_WARN_UNUSED_VARIABLE = YES;
				IPHONEOS_DEPLOYMENT_TARGET = 13.4;
				MTL_ENABLE_DEBUG_INFO = NO;
				MTL_FAST_MATH = YES;
				SDKROOT = iphoneos;
				SWIFT_COMPILATION_MODE = wholemodule;
				SWIFT_OPTIMIZATION_LEVEL = "-O";
				VALIDATE_PRODUCT = YES;
			};
			name = Release;
		};
		757A144F24623F9B0032F966 /* Debug */ = {
			isa = XCBuildConfiguration;
			buildSettings = {
				ASSETCATALOG_COMPILER_APPICON_NAME = AppIcon;
				CODE_SIGN_STYLE = Automatic;
				DEVELOPMENT_TEAM = AS752AQ5FD;
				INFOPLIST_FILE = Scheduler/Info.plist;
				LD_RUNPATH_SEARCH_PATHS = (
					"$(inherited)",
					"@executable_path/Frameworks",
				);
				PRODUCT_BUNDLE_IDENTIFIER = com.gustavobrunetto.Scheduler;
				PRODUCT_NAME = "$(TARGET_NAME)";
				SWIFT_VERSION = 5.0;
				TARGETED_DEVICE_FAMILY = "1,2";
			};
			name = Debug;
		};
		757A145024623F9B0032F966 /* Release */ = {
			isa = XCBuildConfiguration;
			buildSettings = {
				ASSETCATALOG_COMPILER_APPICON_NAME = AppIcon;
				CODE_SIGN_STYLE = Automatic;
				DEVELOPMENT_TEAM = AS752AQ5FD;
				INFOPLIST_FILE = Scheduler/Info.plist;
				LD_RUNPATH_SEARCH_PATHS = (
					"$(inherited)",
					"@executable_path/Frameworks",
				);
				PRODUCT_BUNDLE_IDENTIFIER = com.gustavobrunetto.Scheduler;
				PRODUCT_NAME = "$(TARGET_NAME)";
				SWIFT_VERSION = 5.0;
				TARGETED_DEVICE_FAMILY = "1,2";
			};
			name = Release;
		};
/* End XCBuildConfiguration section */

/* Begin XCConfigurationList section */
		757A143224623F990032F966 /* Build configuration list for PBXProject "Scheduler" */ = {
			isa = XCConfigurationList;
			buildConfigurations = (
				757A144C24623F9B0032F966 /* Debug */,
				757A144D24623F9B0032F966 /* Release */,
			);
			defaultConfigurationIsVisible = 0;
			defaultConfigurationName = Release;
		};
		757A144E24623F9B0032F966 /* Build configuration list for PBXNativeTarget "Scheduler" */ = {
			isa = XCConfigurationList;
			buildConfigurations = (
				757A144F24623F9B0032F966 /* Debug */,
				757A145024623F9B0032F966 /* Release */,
			);
			defaultConfigurationIsVisible = 0;
			defaultConfigurationName = Release;
		};
/* End XCConfigurationList section */

/* Begin XCVersionGroup section */
		757A144324623F9A0032F966 /* Scheduler.xcdatamodeld */ = {
			isa = XCVersionGroup;
			children = (
				757A144424623F9A0032F966 /* Scheduler.xcdatamodel */,
			);
			currentVersion = 757A144424623F9A0032F966 /* Scheduler.xcdatamodel */;
			path = Scheduler.xcdatamodeld;
			sourceTree = "<group>";
			versionGroupType = wrapper.xcdatamodel;
		};
/* End XCVersionGroup section */
	};
	rootObject = 757A142F24623F990032F966 /* Project object */;
}
